// !$*UTF8*$!
{
	archiveVersion = 1;
	classes = {
	};
	objectVersion = 55;
	objects = {

/* Begin PBXBuildFile section */
		8E24352C2892B2AB00919399 /* AppDelegate.swift in Sources */ = {isa = PBXBuildFile; fileRef = 8E24352B2892B2AB00919399 /* AppDelegate.swift */; };
		8E24352E2892B2AB00919399 /* SceneDelegate.swift in Sources */ = {isa = PBXBuildFile; fileRef = 8E24352D2892B2AB00919399 /* SceneDelegate.swift */; };
		8E2435302892B2AB00919399 /* ViewController.swift in Sources */ = {isa = PBXBuildFile; fileRef = 8E24352F2892B2AB00919399 /* ViewController.swift */; };
		8E2435332892B2AB00919399 /* Main.storyboard in Resources */ = {isa = PBXBuildFile; fileRef = 8E2435312892B2AB00919399 /* Main.storyboard */; };
		8E2435352892B2AE00919399 /* Assets.xcassets in Resources */ = {isa = PBXBuildFile; fileRef = 8E2435342892B2AE00919399 /* Assets.xcassets */; };
		8E2435382892B2AE00919399 /* LaunchScreen.storyboard in Resources */ = {isa = PBXBuildFile; fileRef = 8E2435362892B2AE00919399 /* LaunchScreen.storyboard */; };
		8E2435402892B46700919399 /* StatusViewController.swift in Sources */ = {isa = PBXBuildFile; fileRef = 8E24353F2892B46700919399 /* StatusViewController.swift */; };
		8E2435422892B47300919399 /* CallsViewController.swift in Sources */ = {isa = PBXBuildFile; fileRef = 8E2435412892B47300919399 /* CallsViewController.swift */; };
		8E2435442892B47B00919399 /* CameraViewController.swift in Sources */ = {isa = PBXBuildFile; fileRef = 8E2435432892B47B00919399 /* CameraViewController.swift */; };
		8E2435462892B48600919399 /* ChatsViewController.swift in Sources */ = {isa = PBXBuildFile; fileRef = 8E2435452892B48600919399 /* ChatsViewController.swift */; };
		8E2435492892B62000919399 /* ViewController2.swift in Sources */ = {isa = PBXBuildFile; fileRef = 8E2435482892B62000919399 /* ViewController2.swift */; };
/* End PBXBuildFile section */

/* Begin PBXFileReference section */
		8E2435282892B2AB00919399 /* TabAndNavigation.app */ = {isa = PBXFileReference; explicitFileType = wrapper.application; includeInIndex = 0; path = TabAndNavigation.app; sourceTree = BUILT_PRODUCTS_DIR; };
		8E24352B2892B2AB00919399 /* AppDelegate.swift */ = {isa = PBXFileReference; lastKnownFileType = sourcecode.swift; path = AppDelegate.swift; sourceTree = "<group>"; };
		8E24352D2892B2AB00919399 /* SceneDelegate.swift */ = {isa = PBXFileReference; lastKnownFileType = sourcecode.swift; path = SceneDelegate.swift; sourceTree = "<group>"; };
		8E24352F2892B2AB00919399 /* ViewController.swift */ = {isa = PBXFileReference; lastKnownFileType = sourcecode.swift; path = ViewController.swift; sourceTree = "<group>"; };
		8E2435322892B2AB00919399 /* Base */ = {isa = PBXFileReference; lastKnownFileType = file.storyboard; name = Base; path = Base.lproj/Main.storyboard; sourceTree = "<group>"; };
		8E2435342892B2AE00919399 /* Assets.xcassets */ = {isa = PBXFileReference; lastKnownFileType = folder.assetcatalog; path = Assets.xcassets; sourceTree = "<group>"; };
		8E2435372892B2AE00919399 /* Base */ = {isa = PBXFileReference; lastKnownFileType = file.storyboard; name = Base; path = Base.lproj/LaunchScreen.storyboard; sourceTree = "<group>"; };
		8E2435392892B2AE00919399 /* Info.plist */ = {isa = PBXFileReference; lastKnownFileType = text.plist.xml; path = Info.plist; sourceTree = "<group>"; };
		8E24353F2892B46700919399 /* StatusViewController.swift */ = {isa = PBXFileReference; lastKnownFileType = sourcecode.swift; path = StatusViewController.swift; sourceTree = "<group>"; };
		8E2435412892B47300919399 /* CallsViewController.swift */ = {isa = PBXFileReference; lastKnownFileType = sourcecode.swift; path = CallsViewController.swift; sourceTree = "<group>"; };
		8E2435432892B47B00919399 /* CameraViewController.swift */ = {isa = PBXFileReference; lastKnownFileType = sourcecode.swift; path = CameraViewController.swift; sourceTree = "<group>"; };
		8E2435452892B48600919399 /* ChatsViewController.swift */ = {isa = PBXFileReference; lastKnownFileType = sourcecode.swift; path = ChatsViewController.swift; sourceTree = "<group>"; };
		8E2435482892B62000919399 /* ViewController2.swift */ = {isa = PBXFileReference; lastKnownFileType = sourcecode.swift; path = ViewController2.swift; sourceTree = "<group>"; };
/* End PBXFileReference section */

/* Begin PBXFrameworksBuildPhase section */
		8E2435252892B2AB00919399 /* Frameworks */ = {
			isa = PBXFrameworksBuildPhase;
			buildActionMask = 2147483647;
			files = (
			);
			runOnlyForDeploymentPostprocessing = 0;
		};
/* End PBXFrameworksBuildPhase section */

/* Begin PBXGroup section */
		8E24351F2892B2AB00919399 = {
			isa = PBXGroup;
			children = (
				8E24352A2892B2AB00919399 /* TabAndNavigation */,
				8E2435292892B2AB00919399 /* Products */,
			);
			sourceTree = "<group>";
		};
		8E2435292892B2AB00919399 /* Products */ = {
			isa = PBXGroup;
			children = (
				8E2435282892B2AB00919399 /* TabAndNavigation.app */,
			);
			name = Products;
			sourceTree = "<group>";
		};
		8E24352A2892B2AB00919399 /* TabAndNavigation */ = {
			isa = PBXGroup;
			children = (
				8E24352B2892B2AB00919399 /* AppDelegate.swift */,
				8E24352D2892B2AB00919399 /* SceneDelegate.swift */,
				8E24354A2892B65B00919399 /* NavigationVCS */,
				8E2435472892B57100919399 /* TabControllers */,
				8E2435312892B2AB00919399 /* Main.storyboard */,
				8E2435342892B2AE00919399 /* Assets.xcassets */,
				8E2435362892B2AE00919399 /* LaunchScreen.storyboard */,
				8E2435392892B2AE00919399 /* Info.plist */,
			);
			path = TabAndNavigation;
			sourceTree = "<group>";
		};
		8E2435472892B57100919399 /* TabControllers */ = {
			isa = PBXGroup;
			children = (
				8E24353F2892B46700919399 /* StatusViewController.swift */,
				8E2435412892B47300919399 /* CallsViewController.swift */,
				8E2435432892B47B00919399 /* CameraViewController.swift */,
				8E2435452892B48600919399 /* ChatsViewController.swift */,
			);
			path = TabControllers;
			sourceTree = "<group>";
		};
		8E24354A2892B65B00919399 /* NavigationVCS */ = {
			isa = PBXGroup;
			children = (
				8E24352F2892B2AB00919399 /* ViewController.swift */,
				8E2435482892B62000919399 /* ViewController2.swift */,
			);
			path = NavigationVCS;
			sourceTree = "<group>";
		};
/* End PBXGroup section */

/* Begin PBXNativeTarget section */
		8E2435272892B2AB00919399 /* TabAndNavigation */ = {
			isa = PBXNativeTarget;
			buildConfigurationList = 8E24353C2892B2AE00919399 /* Build configuration list for PBXNativeTarget "TabAndNavigation" */;
			buildPhases = (
				8E2435242892B2AB00919399 /* Sources */,
				8E2435252892B2AB00919399 /* Frameworks */,
				8E2435262892B2AB00919399 /* Resources */,
			);
			buildRules = (
			);
			dependencies = (
			);
			name = TabAndNavigation;
			productName = TabAndNavigation;
			productReference = 8E2435282892B2AB00919399 /* TabAndNavigation.app */;
			productType = "com.apple.product-type.application";
		};
/* End PBXNativeTarget section */

/* Begin PBXProject section */
		8E2435202892B2AB00919399 /* Project object */ = {
			isa = PBXProject;
			attributes = {
				BuildIndependentTargetsInParallel = 1;
				LastSwiftUpdateCheck = 1330;
				LastUpgradeCheck = 1330;
				TargetAttributes = {
					8E2435272892B2AB00919399 = {
						CreatedOnToolsVersion = 13.3.1;
					};
				};
			};
			buildConfigurationList = 8E2435232892B2AB00919399 /* Build configuration list for PBXProject "TabAndNavigation" */;
			compatibilityVersion = "Xcode 13.0";
			developmentRegion = en;
			hasScannedForEncodings = 0;
			knownRegions = (
				en,
				Base,
			);
			mainGroup = 8E24351F2892B2AB00919399;
			productRefGroup = 8E2435292892B2AB00919399 /* Products */;
			projectDirPath = "";
			projectRoot = "";
			targets = (
				8E2435272892B2AB00919399 /* TabAndNavigation */,
			);
		};
/* End PBXProject section */

/* Begin PBXResourcesBuildPhase section */
		8E2435262892B2AB00919399 /* Resources */ = {
			isa = PBXResourcesBuildPhase;
			buildActionMask = 2147483647;
			files = (
				8E2435382892B2AE00919399 /* LaunchScreen.storyboard in Resources */,
				8E2435352892B2AE00919399 /* Assets.xcassets in Resources */,
				8E2435332892B2AB00919399 /* Main.storyboard in Resources */,
			);
			runOnlyForDeploymentPostprocessing = 0;
		};
/* End PBXResourcesBuildPhase section */

/* Begin PBXSourcesBuildPhase section */
		8E2435242892B2AB00919399 /* Sources */ = {
			isa = PBXSourcesBuildPhase;
			buildActionMask = 2147483647;
			files = (
				8E2435402892B46700919399 /* StatusViewController.swift in Sources */,
				8E2435492892B62000919399 /* ViewController2.swift in Sources */,
				8E2435302892B2AB00919399 /* ViewController.swift in Sources */,
				8E24352C2892B2AB00919399 /* AppDelegate.swift in Sources */,
				8E24352E2892B2AB00919399 /* SceneDelegate.swift in Sources */,
				8E2435462892B48600919399 /* ChatsViewController.swift in Sources */,
				8E2435422892B47300919399 /* CallsViewController.swift in Sources */,
				8E2435442892B47B00919399 /* CameraViewController.swift in Sources */,
			);
			runOnlyForDeploymentPostprocessing = 0;
		};
/* End PBXSourcesBuildPhase section */

/* Begin PBXVariantGroup section */
		8E2435312892B2AB00919399 /* Main.storyboard */ = {
			isa = PBXVariantGroup;
			children = (
				8E2435322892B2AB00919399 /* Base */,
			);
			name = Main.storyboard;
			sourceTree = "<group>";
		};
		8E2435362892B2AE00919399 /* LaunchScreen.storyboard */ = {
			isa = PBXVariantGroup;
			children = (
				8E2435372892B2AE00919399 /* Base */,
			);
			name = LaunchScreen.storyboard;
			sourceTree = "<group>";
		};
/* End PBXVariantGroup section */

/* Begin XCBuildConfiguration section */
		8E24353A2892B2AE00919399 /* Debug */ = {
			isa = XCBuildConfiguration;
			buildSettings = {
				ALWAYS_SEARCH_USER_PATHS = NO;
				CLANG_ANALYZER_NONNULL = YES;
				CLANG_ANALYZER_NUMBER_OBJECT_CONVERSION = YES_AGGRESSIVE;
				CLANG_CXX_LANGUAGE_STANDARD = "gnu++17";
				CLANG_ENABLE_MODULES = YES;
				CLANG_ENABLE_OBJC_ARC = YES;
				CLANG_ENABLE_OBJC_WEAK = YES;
				CLANG_WARN_BLOCK_CAPTURE_AUTORELEASING = YES;
				CLANG_WARN_BOOL_CONVERSION = YES;
				CLANG_WARN_COMMA = YES;
				CLANG_WARN_CONSTANT_CONVERSION = YES;
				CLANG_WARN_DEPRECATED_OBJC_IMPLEMENTATIONS = YES;
				CLANG_WARN_DIRECT_OBJC_ISA_USAGE = YES_ERROR;
				CLANG_WARN_DOCUMENTATION_COMMENTS = YES;
				CLANG_WARN_EMPTY_BODY = YES;
				CLANG_WARN_ENUM_CONVERSION = YES;
				CLANG_WARN_INFINITE_RECURSION = YES;
				CLANG_WARN_INT_CONVERSION = YES;
				CLANG_WARN_NON_LITERAL_NULL_CONVERSION = YES;
				CLANG_WARN_OBJC_IMPLICIT_RETAIN_SELF = YES;
				CLANG_WARN_OBJC_LITERAL_CONVERSION = YES;
				CLANG_WARN_OBJC_ROOT_CLASS = YES_ERROR;
				CLANG_WARN_QUOTED_INCLUDE_IN_FRAMEWORK_HEADER = YES;
				CLANG_WARN_RANGE_LOOP_ANALYSIS = YES;
				CLANG_WARN_STRICT_PROTOTYPES = YES;
				CLANG_WARN_SUSPICIOUS_MOVE = YES;
				CLANG_WARN_UNGUARDED_AVAILABILITY = YES_AGGRESSIVE;
				CLANG_WARN_UNREACHABLE_CODE = YES;
				CLANG_WARN__DUPLICATE_METHOD_MATCH = YES;
				COPY_PHASE_STRIP = NO;
				DEBUG_INFORMATION_FORMAT = dwarf;
				ENABLE_STRICT_OBJC_MSGSEND = YES;
				ENABLE_TESTABILITY = YES;
				GCC_C_LANGUAGE_STANDARD = gnu11;
				GCC_DYNAMIC_NO_PIC = NO;
				GCC_NO_COMMON_BLOCKS = YES;
				GCC_OPTIMIZATION_LEVEL = 0;
				GCC_PREPROCESSOR_DEFINITIONS = (
					"DEBUG=1",
					"$(inherited)",
				);
				GCC_WARN_64_TO_32_BIT_CONVERSION = YES;
				GCC_WARN_ABOUT_RETURN_TYPE = YES_ERROR;
				GCC_WARN_UNDECLARED_SELECTOR = YES;
				GCC_WARN_UNINITIALIZED_AUTOS = YES_AGGRESSIVE;
				GCC_WARN_UNUSED_FUNCTION = YES;
				GCC_WARN_UNUSED_VARIABLE = YES;
				IPHONEOS_DEPLOYMENT_TARGET = 15.4;
				MTL_ENABLE_DEBUG_INFO = INCLUDE_SOURCE;
				MTL_FAST_MATH = YES;
				ONLY_ACTIVE_ARCH = YES;
				SDKROOT = iphoneos;
				SWIFT_ACTIVE_COMPILATION_CONDITIONS = DEBUG;
				SWIFT_OPTIMIZATION_LEVEL = "-Onone";
			};
			name = Debug;
		};
		8E24353B2892B2AE00919399 /* Release */ = {
			isa = XCBuildConfiguration;
			buildSettings = {
				ALWAYS_SEARCH_USER_PATHS = NO;
				CLANG_ANALYZER_NONNULL = YES;
				CLANG_ANALYZER_NUMBER_OBJECT_CONVERSION = YES_AGGRESSIVE;
				CLANG_CXX_LANGUAGE_STANDARD = "gnu++17";
				CLANG_ENABLE_MODULES = YES;
				CLANG_ENABLE_OBJC_ARC = YES;
				CLANG_ENABLE_OBJC_WEAK = YES;
				CLANG_WARN_BLOCK_CAPTURE_AUTORELEASING = YES;
				CLANG_WARN_BOOL_CONVERSION = YES;
				CLANG_WARN_COMMA = YES;
				CLANG_WARN_CONSTANT_CONVERSION = YES;
				CLANG_WARN_DEPRECATED_OBJC_IMPLEMENTATIONS = YES;
				CLANG_WARN_DIRECT_OBJC_ISA_USAGE = YES_ERROR;
				CLANG_WARN_DOCUMENTATION_COMMENTS = YES;
				CLANG_WARN_EMPTY_BODY = YES;
				CLANG_WARN_ENUM_CONVERSION = YES;
				CLANG_WARN_INFINITE_RECURSION = YES;
				CLANG_WARN_INT_CONVERSION = YES;
				CLANG_WARN_NON_LITERAL_NULL_CONVERSION = YES;
				CLANG_WARN_OBJC_IMPLICIT_RETAIN_SELF = YES;
				CLANG_WARN_OBJC_LITERAL_CONVERSION = YES;
				CLANG_WARN_OBJC_ROOT_CLASS = YES_ERROR;
				CLANG_WARN_QUOTED_INCLUDE_IN_FRAMEWORK_HEADER = YES;
				CLANG_WARN_RANGE_LOOP_ANALYSIS = YES;
				CLANG_WARN_STRICT_PROTOTYPES = YES;
				CLANG_WARN_SUSPICIOUS_MOVE = YES;
				CLANG_WARN_UNGUARDED_AVAILABILITY = YES_AGGRESSIVE;
				CLANG_WARN_UNREACHABLE_CODE = YES;
				CLANG_WARN__DUPLICATE_METHOD_MATCH = YES;
				COPY_PHASE_STRIP = NO;
				DEBUG_INFORMATION_FORMAT = "dwarf-with-dsym";
				ENABLE_NS_ASSERTIONS = NO;
				ENABLE_STRICT_OBJC_MSGSEND = YES;
				GCC_C_LANGUAGE_STANDARD = gnu11;
				GCC_NO_COMMON_BLOCKS = YES;
				GCC_WARN_64_TO_32_BIT_CONVERSION = YES;
				GCC_WARN_ABOUT_RETURN_TYPE = YES_ERROR;
				GCC_WARN_UNDECLARED_SELECTOR = YES;
				GCC_WARN_UNINITIALIZED_AUTOS = YES_AGGRESSIVE;
				GCC_WARN_UNUSED_FUNCTION = YES;
				GCC_WARN_UNUSED_VARIABLE = YES;
				IPHONEOS_DEPLOYMENT_TARGET = 15.4;
				MTL_ENABLE_DEBUG_INFO = NO;
				MTL_FAST_MATH = YES;
				SDKROOT = iphoneos;
				SWIFT_COMPILATION_MODE = wholemodule;
				SWIFT_OPTIMIZATION_LEVEL = "-O";
				VALIDATE_PRODUCT = YES;
			};
			name = Release;
		};
		8E24353D2892B2AE00919399 /* Debug */ = {
			isa = XCBuildConfiguration;
			buildSettings = {
				ASSETCATALOG_COMPILER_APPICON_NAME = AppIcon;
				ASSETCATALOG_COMPILER_GLOBAL_ACCENT_COLOR_NAME = AccentColor;
				CODE_SIGN_STYLE = Automatic;
				CURRENT_PROJECT_VERSION = 1;
				GENERATE_INFOPLIST_FILE = YES;
				INFOPLIST_FILE = TabAndNavigation/Info.plist;
				INFOPLIST_KEY_UIApplicationSupportsIndirectInputEvents = YES;
				INFOPLIST_KEY_UILaunchStoryboardName = LaunchScreen;
				INFOPLIST_KEY_UIMainStoryboardFile = Main;
				INFOPLIST_KEY_UISupportedInterfaceOrientations_iPad = "UIInterfaceOrientationPortrait UIInterfaceOrientationPortraitUpsideDown UIInterfaceOrientationLandscapeLeft UIInterfaceOrientationLandscapeRight";
				INFOPLIST_KEY_UISupportedInterfaceOrientations_iPhone = "UIInterfaceOrientationPortrait UIInterfaceOrientationLandscapeLeft UIInterfaceOrientationLandscapeRight";
				LD_RUNPATH_SEARCH_PATHS = (
					"$(inherited)",
					"@executable_path/Frameworks",
				);
				MARKETING_VERSION = 1.0;
				PRODUCT_BUNDLE_IDENTIFIER = com.fusiontechpartners.floatcare.TabAndNavigation;
				PRODUCT_NAME = "$(TARGET_NAME)";
				SWIFT_EMIT_LOC_STRINGS = YES;
				SWIFT_VERSION = 5.0;
				TARGETED_DEVICE_FAMILY = "1,2";
			};
			name = Debug;
		};
		8E24353E2892B2AE00919399 /* Release */ = {
			isa = XCBuildConfiguration;
			buildSettings = {
				ASSETCATALOG_COMPILER_APPICON_NAME = AppIcon;
				ASSETCATALOG_COMPILER_GLOBAL_ACCENT_COLOR_NAME = AccentColor;
				CODE_SIGN_STYLE = Automatic;
				CURRENT_PROJECT_VERSION = 1;
				GENERATE_INFOPLIST_FILE = YES;
				INFOPLIST_FILE = TabAndNavigation/Info.plist;
				INFOPLIST_KEY_UIApplicationSupportsIndirectInputEvents = YES;
				INFOPLIST_KEY_UILaunchStoryboardName = LaunchScreen;
				INFOPLIST_KEY_UIMainStoryboardFile = Main;
				INFOPLIST_KEY_UISupportedInterfaceOrientations_iPad = "UIInterfaceOrientationPortrait UIInterfaceOrientationPortraitUpsideDown UIInterfaceOrientationLandscapeLeft UIInterfaceOrientationLandscapeRight";
				INFOPLIST_KEY_UISupportedInterfaceOrientations_iPhone = "UIInterfaceOrientationPortrait UIInterfaceOrientationLandscapeLeft UIInterfaceOrientationLandscapeRight";
				LD_RUNPATH_SEARCH_PATHS = (
					"$(inherited)",
					"@executable_path/Frameworks",
				);
				MARKETING_VERSION = 1.0;
				PRODUCT_BUNDLE_IDENTIFIER = com.fusiontechpartners.floatcare.TabAndNavigation;
				PRODUCT_NAME = "$(TARGET_NAME)";
				SWIFT_EMIT_LOC_STRINGS = YES;
				SWIFT_VERSION = 5.0;
				TARGETED_DEVICE_FAMILY = "1,2";
			};
			name = Release;
		};
/* End XCBuildConfiguration section */

/* Begin XCConfigurationList section */
		8E2435232892B2AB00919399 /* Build configuration list for PBXProject "TabAndNavigation" */ = {
			isa = XCConfigurationList;
			buildConfigurations = (
				8E24353A2892B2AE00919399 /* Debug */,
				8E24353B2892B2AE00919399 /* Release */,
			);
			defaultConfigurationIsVisible = 0;
			defaultConfigurationName = Release;
		};
		8E24353C2892B2AE00919399 /* Build configuration list for PBXNativeTarget "TabAndNavigation" */ = {
			isa = XCConfigurationList;
			buildConfigurations = (
				8E24353D2892B2AE00919399 /* Debug */,
				8E24353E2892B2AE00919399 /* Release */,
			);
			defaultConfigurationIsVisible = 0;
			defaultConfigurationName = Release;
		};
/* End XCConfigurationList section */
	};
	rootObject = 8E2435202892B2AB00919399 /* Project object */;
}
