// !$*UTF8*$!
{
	archiveVersion = 1;
	classes = {
	};
	objectVersion = 55;
	objects = {

/* Begin PBXBuildFile section */
		8E71E4E2288B157600029B4B /* AppDelegate.swift in Sources */ = {isa = PBXBuildFile; fileRef = 8E71E4E1288B157600029B4B /* AppDelegate.swift */; };
		8E71E4E4288B157600029B4B /* SceneDelegate.swift in Sources */ = {isa = PBXBuildFile; fileRef = 8E71E4E3288B157600029B4B /* SceneDelegate.swift */; };
		8E71E4E9288B157600029B4B /* Main.storyboard in Resources */ = {isa = PBXBuildFile; fileRef = 8E71E4E7288B157600029B4B /* Main.storyboard */; };
		8E71E4EC288B157600029B4B /* CustomTVCellDemo.xcdatamodeld in Sources */ = {isa = PBXBuildFile; fileRef = 8E71E4EA288B157600029B4B /* CustomTVCellDemo.xcdatamodeld */; };
		8E71E4EE288B157A00029B4B /* Assets.xcassets in Resources */ = {isa = PBXBuildFile; fileRef = 8E71E4ED288B157A00029B4B /* Assets.xcassets */; };
		8E71E4F1288B157A00029B4B /* LaunchScreen.storyboard in Resources */ = {isa = PBXBuildFile; fileRef = 8E71E4EF288B157A00029B4B /* LaunchScreen.storyboard */; };
		8E71E4F9288B15CE00029B4B /* ContactsVC.swift in Sources */ = {isa = PBXBuildFile; fileRef = 8E71E4F8288B15CE00029B4B /* ContactsVC.swift */; };
		8E71E4FC288B177C00029B4B /* ContactTVCell.swift in Sources */ = {isa = PBXBuildFile; fileRef = 8E71E4FA288B177C00029B4B /* ContactTVCell.swift */; };
		8E71E4FD288B177C00029B4B /* ContactTVCell.xib in Resources */ = {isa = PBXBuildFile; fileRef = 8E71E4FB288B177C00029B4B /* ContactTVCell.xib */; };
/* End PBXBuildFile section */

/* Begin PBXFileReference section */
		8E71E4DE288B157600029B4B /* CustomTVCellDemo.app */ = {isa = PBXFileReference; explicitFileType = wrapper.application; includeInIndex = 0; path = CustomTVCellDemo.app; sourceTree = BUILT_PRODUCTS_DIR; };
		8E71E4E1288B157600029B4B /* AppDelegate.swift */ = {isa = PBXFileReference; lastKnownFileType = sourcecode.swift; path = AppDelegate.swift; sourceTree = "<group>"; };
		8E71E4E3288B157600029B4B /* SceneDelegate.swift */ = {isa = PBXFileReference; lastKnownFileType = sourcecode.swift; path = SceneDelegate.swift; sourceTree = "<group>"; };
		8E71E4E8288B157600029B4B /* Base */ = {isa = PBXFileReference; lastKnownFileType = file.storyboard; name = Base; path = Base.lproj/Main.storyboard; sourceTree = "<group>"; };
		8E71E4EB288B157600029B4B /* CustomTVCellDemo.xcdatamodel */ = {isa = PBXFileReference; lastKnownFileType = wrapper.xcdatamodel; path = CustomTVCellDemo.xcdatamodel; sourceTree = "<group>"; };
		8E71E4ED288B157A00029B4B /* Assets.xcassets */ = {isa = PBXFileReference; lastKnownFileType = folder.assetcatalog; path = Assets.xcassets; sourceTree = "<group>"; };
		8E71E4F0288B157A00029B4B /* Base */ = {isa = PBXFileReference; lastKnownFileType = file.storyboard; name = Base; path = Base.lproj/LaunchScreen.storyboard; sourceTree = "<group>"; };
		8E71E4F2288B157A00029B4B /* Info.plist */ = {isa = PBXFileReference; lastKnownFileType = text.plist.xml; path = Info.plist; sourceTree = "<group>"; };
		8E71E4F8288B15CE00029B4B /* ContactsVC.swift */ = {isa = PBXFileReference; lastKnownFileType = sourcecode.swift; path = ContactsVC.swift; sourceTree = "<group>"; };
		8E71E4FA288B177C00029B4B /* ContactTVCell.swift */ = {isa = PBXFileReference; lastKnownFileType = sourcecode.swift; path = ContactTVCell.swift; sourceTree = "<group>"; };
		8E71E4FB288B177C00029B4B /* ContactTVCell.xib */ = {isa = PBXFileReference; lastKnownFileType = file.xib; path = ContactTVCell.xib; sourceTree = "<group>"; };
/* End PBXFileReference section */

/* Begin PBXFrameworksBuildPhase section */
		8E71E4DB288B157600029B4B /* Frameworks */ = {
			isa = PBXFrameworksBuildPhase;
			buildActionMask = 2147483647;
			files = (
			);
			runOnlyForDeploymentPostprocessing = 0;
		};
/* End PBXFrameworksBuildPhase section */

/* Begin PBXGroup section */
		8E71E4D5288B157600029B4B = {
			isa = PBXGroup;
			children = (
				8E71E4E0288B157600029B4B /* CustomTVCellDemo */,
				8E71E4DF288B157600029B4B /* Products */,
			);
			sourceTree = "<group>";
		};
		8E71E4DF288B157600029B4B /* Products */ = {
			isa = PBXGroup;
			children = (
				8E71E4DE288B157600029B4B /* CustomTVCellDemo.app */,
			);
			name = Products;
			sourceTree = "<group>";
		};
		8E71E4E0288B157600029B4B /* CustomTVCellDemo */ = {
			isa = PBXGroup;
			children = (
				8E71E4E1288B157600029B4B /* AppDelegate.swift */,
				8E71E4E3288B157600029B4B /* SceneDelegate.swift */,
				8E71E4F8288B15CE00029B4B /* ContactsVC.swift */,
				8E71E4FE288B179300029B4B /* CustomTVCells */,
				8E71E4E7288B157600029B4B /* Main.storyboard */,
				8E71E4ED288B157A00029B4B /* Assets.xcassets */,
				8E71E4EF288B157A00029B4B /* LaunchScreen.storyboard */,
				8E71E4F2288B157A00029B4B /* Info.plist */,
				8E71E4EA288B157600029B4B /* CustomTVCellDemo.xcdatamodeld */,
			);
			path = CustomTVCellDemo;
			sourceTree = "<group>";
		};
		8E71E4FE288B179300029B4B /* CustomTVCells */ = {
			isa = PBXGroup;
			children = (
				8E71E4FA288B177C00029B4B /* ContactTVCell.swift */,
				8E71E4FB288B177C00029B4B /* ContactTVCell.xib */,
			);
			path = CustomTVCells;
			sourceTree = "<group>";
		};
/* End PBXGroup section */

/* Begin PBXNativeTarget section */
		8E71E4DD288B157600029B4B /* CustomTVCellDemo */ = {
			isa = PBXNativeTarget;
			buildConfigurationList = 8E71E4F5288B157A00029B4B /* Build configuration list for PBXNativeTarget "CustomTVCellDemo" */;
			buildPhases = (
				8E71E4DA288B157600029B4B /* Sources */,
				8E71E4DB288B157600029B4B /* Frameworks */,
				8E71E4DC288B157600029B4B /* Resources */,
			);
			buildRules = (
			);
			dependencies = (
			);
			name = CustomTVCellDemo;
			productName = CustomTVCellDemo;
			productReference = 8E71E4DE288B157600029B4B /* CustomTVCellDemo.app */;
			productType = "com.apple.product-type.application";
		};
/* End PBXNativeTarget section */

/* Begin PBXProject section */
		8E71E4D6288B157600029B4B /* Project object */ = {
			isa = PBXProject;
			attributes = {
				BuildIndependentTargetsInParallel = 1;
				LastSwiftUpdateCheck = 1330;
				LastUpgradeCheck = 1330;
				TargetAttributes = {
					8E71E4DD288B157600029B4B = {
						CreatedOnToolsVersion = 13.3.1;
					};
				};
			};
			buildConfigurationList = 8E71E4D9288B157600029B4B /* Build configuration list for PBXProject "CustomTVCellDemo" */;
			compatibilityVersion = "Xcode 13.0";
			developmentRegion = en;
			hasScannedForEncodings = 0;
			knownRegions = (
				en,
				Base,
			);
			mainGroup = 8E71E4D5288B157600029B4B;
			productRefGroup = 8E71E4DF288B157600029B4B /* Products */;
			projectDirPath = "";
			projectRoot = "";
			targets = (
				8E71E4DD288B157600029B4B /* CustomTVCellDemo */,
			);
		};
/* End PBXProject section */

/* Begin PBXResourcesBuildPhase section */
		8E71E4DC288B157600029B4B /* Resources */ = {
			isa = PBXResourcesBuildPhase;
			buildActionMask = 2147483647;
			files = (
				8E71E4FD288B177C00029B4B /* ContactTVCell.xib in Resources */,
				8E71E4F1288B157A00029B4B /* LaunchScreen.storyboard in Resources */,
				8E71E4EE288B157A00029B4B /* Assets.xcassets in Resources */,
				8E71E4E9288B157600029B4B /* Main.storyboard in Resources */,
			);
			runOnlyForDeploymentPostprocessing = 0;
		};
/* End PBXResourcesBuildPhase section */

/* Begin PBXSourcesBuildPhase section */
		8E71E4DA288B157600029B4B /* Sources */ = {
			isa = PBXSourcesBuildPhase;
			buildActionMask = 2147483647;
			files = (
				8E71E4E2288B157600029B4B /* AppDelegate.swift in Sources */,
				8E71E4FC288B177C00029B4B /* ContactTVCell.swift in Sources */,
				8E71E4E4288B157600029B4B /* SceneDelegate.swift in Sources */,
				8E71E4EC288B157600029B4B /* CustomTVCellDemo.xcdatamodeld in Sources */,
				8E71E4F9288B15CE00029B4B /* ContactsVC.swift in Sources */,
			);
			runOnlyForDeploymentPostprocessing = 0;
		};
/* End PBXSourcesBuildPhase section */

/* Begin PBXVariantGroup section */
		8E71E4E7288B157600029B4B /* Main.storyboard */ = {
			isa = PBXVariantGroup;
			children = (
				8E71E4E8288B157600029B4B /* Base */,
			);
			name = Main.storyboard;
			sourceTree = "<group>";
		};
		8E71E4EF288B157A00029B4B /* LaunchScreen.storyboard */ = {
			isa = PBXVariantGroup;
			children = (
				8E71E4F0288B157A00029B4B /* Base */,
			);
			name = LaunchScreen.storyboard;
			sourceTree = "<group>";
		};
/* End PBXVariantGroup section */

/* Begin XCBuildConfiguration section */
		8E71E4F3288B157A00029B4B /* Debug */ = {
			isa = XCBuildConfiguration;
			buildSettings = {
				ALWAYS_SEARCH_USER_PATHS = NO;
				CLANG_ANALYZER_NONNULL = YES;
				CLANG_ANALYZER_NUMBER_OBJECT_CONVERSION = YES_AGGRESSIVE;
				CLANG_CXX_LANGUAGE_STANDARD = "gnu++17";
				CLANG_ENABLE_MODULES = YES;
				CLANG_ENABLE_OBJC_ARC = YES;
				CLANG_ENABLE_OBJC_WEAK = YES;
				CLANG_WARN_BLOCK_CAPTURE_AUTORELEASING = YES;
				CLANG_WARN_BOOL_CONVERSION = YES;
				CLANG_WARN_COMMA = YES;
				CLANG_WARN_CONSTANT_CONVERSION = YES;
				CLANG_WARN_DEPRECATED_OBJC_IMPLEMENTATIONS = YES;
				CLANG_WARN_DIRECT_OBJC_ISA_USAGE = YES_ERROR;
				CLANG_WARN_DOCUMENTATION_COMMENTS = YES;
				CLANG_WARN_EMPTY_BODY = YES;
				CLANG_WARN_ENUM_CONVERSION = YES;
				CLANG_WARN_INFINITE_RECURSION = YES;
				CLANG_WARN_INT_CONVERSION = YES;
				CLANG_WARN_NON_LITERAL_NULL_CONVERSION = YES;
				CLANG_WARN_OBJC_IMPLICIT_RETAIN_SELF = YES;
				CLANG_WARN_OBJC_LITERAL_CONVERSION = YES;
				CLANG_WARN_OBJC_ROOT_CLASS = YES_ERROR;
				CLANG_WARN_QUOTED_INCLUDE_IN_FRAMEWORK_HEADER = YES;
				CLANG_WARN_RANGE_LOOP_ANALYSIS = YES;
				CLANG_WARN_STRICT_PROTOTYPES = YES;
				CLANG_WARN_SUSPICIOUS_MOVE = YES;
				CLANG_WARN_UNGUARDED_AVAILABILITY = YES_AGGRESSIVE;
				CLANG_WARN_UNREACHABLE_CODE = YES;
				CLANG_WARN__DUPLICATE_METHOD_MATCH = YES;
				COPY_PHASE_STRIP = NO;
				DEBUG_INFORMATION_FORMAT = dwarf;
				ENABLE_STRICT_OBJC_MSGSEND = YES;
				ENABLE_TESTABILITY = YES;
				GCC_C_LANGUAGE_STANDARD = gnu11;
				GCC_DYNAMIC_NO_PIC = NO;
				GCC_NO_COMMON_BLOCKS = YES;
				GCC_OPTIMIZATION_LEVEL = 0;
				GCC_PREPROCESSOR_DEFINITIONS = (
					"DEBUG=1",
					"$(inherited)",
				);
				GCC_WARN_64_TO_32_BIT_CONVERSION = YES;
				GCC_WARN_ABOUT_RETURN_TYPE = YES_ERROR;
				GCC_WARN_UNDECLARED_SELECTOR = YES;
				GCC_WARN_UNINITIALIZED_AUTOS = YES_AGGRESSIVE;
				GCC_WARN_UNUSED_FUNCTION = YES;
				GCC_WARN_UNUSED_VARIABLE = YES;
				IPHONEOS_DEPLOYMENT_TARGET = 15.4;
				MTL_ENABLE_DEBUG_INFO = INCLUDE_SOURCE;
				MTL_FAST_MATH = YES;
				ONLY_ACTIVE_ARCH = YES;
				SDKROOT = iphoneos;
				SWIFT_ACTIVE_COMPILATION_CONDITIONS = DEBUG;
				SWIFT_OPTIMIZATION_LEVEL = "-Onone";
			};
			name = Debug;
		};
		8E71E4F4288B157A00029B4B /* Release */ = {
			isa = XCBuildConfiguration;
			buildSettings = {
				ALWAYS_SEARCH_USER_PATHS = NO;
				CLANG_ANALYZER_NONNULL = YES;
				CLANG_ANALYZER_NUMBER_OBJECT_CONVERSION = YES_AGGRESSIVE;
				CLANG_CXX_LANGUAGE_STANDARD = "gnu++17";
				CLANG_ENABLE_MODULES = YES;
				CLANG_ENABLE_OBJC_ARC = YES;
				CLANG_ENABLE_OBJC_WEAK = YES;
				CLANG_WARN_BLOCK_CAPTURE_AUTORELEASING = YES;
				CLANG_WARN_BOOL_CONVERSION = YES;
				CLANG_WARN_COMMA = YES;
				CLANG_WARN_CONSTANT_CONVERSION = YES;
				CLANG_WARN_DEPRECATED_OBJC_IMPLEMENTATIONS = YES;
				CLANG_WARN_DIRECT_OBJC_ISA_USAGE = YES_ERROR;
				CLANG_WARN_DOCUMENTATION_COMMENTS = YES;
				CLANG_WARN_EMPTY_BODY = YES;
				CLANG_WARN_ENUM_CONVERSION = YES;
				CLANG_WARN_INFINITE_RECURSION = YES;
				CLANG_WARN_INT_CONVERSION = YES;
				CLANG_WARN_NON_LITERAL_NULL_CONVERSION = YES;
				CLANG_WARN_OBJC_IMPLICIT_RETAIN_SELF = YES;
				CLANG_WARN_OBJC_LITERAL_CONVERSION = YES;
				CLANG_WARN_OBJC_ROOT_CLASS = YES_ERROR;
				CLANG_WARN_QUOTED_INCLUDE_IN_FRAMEWORK_HEADER = YES;
				CLANG_WARN_RANGE_LOOP_ANALYSIS = YES;
				CLANG_WARN_STRICT_PROTOTYPES = YES;
				CLANG_WARN_SUSPICIOUS_MOVE = YES;
				CLANG_WARN_UNGUARDED_AVAILABILITY = YES_AGGRESSIVE;
				CLANG_WARN_UNREACHABLE_CODE = YES;
				CLANG_WARN__DUPLICATE_METHOD_MATCH = YES;
				COPY_PHASE_STRIP = NO;
				DEBUG_INFORMATION_FORMAT = "dwarf-with-dsym";
				ENABLE_NS_ASSERTIONS = NO;
				ENABLE_STRICT_OBJC_MSGSEND = YES;
				GCC_C_LANGUAGE_STANDARD = gnu11;
				GCC_NO_COMMON_BLOCKS = YES;
				GCC_WARN_64_TO_32_BIT_CONVERSION = YES;
				GCC_WARN_ABOUT_RETURN_TYPE = YES_ERROR;
				GCC_WARN_UNDECLARED_SELECTOR = YES;
				GCC_WARN_UNINITIALIZED_AUTOS = YES_AGGRESSIVE;
				GCC_WARN_UNUSED_FUNCTION = YES;
				GCC_WARN_UNUSED_VARIABLE = YES;
				IPHONEOS_DEPLOYMENT_TARGET = 15.4;
				MTL_ENABLE_DEBUG_INFO = NO;
				MTL_FAST_MATH = YES;
				SDKROOT = iphoneos;
				SWIFT_COMPILATION_MODE = wholemodule;
				SWIFT_OPTIMIZATION_LEVEL = "-O";
				VALIDATE_PRODUCT = YES;
			};
			name = Release;
		};
		8E71E4F6288B157A00029B4B /* Debug */ = {
			isa = XCBuildConfiguration;
			buildSettings = {
				ASSETCATALOG_COMPILER_APPICON_NAME = AppIcon;
				ASSETCATALOG_COMPILER_GLOBAL_ACCENT_COLOR_NAME = AccentColor;
				CODE_SIGN_STYLE = Automatic;
				CURRENT_PROJECT_VERSION = 1;
				DEVELOPMENT_TEAM = FGB94R5C85;
				GENERATE_INFOPLIST_FILE = YES;
				INFOPLIST_FILE = CustomTVCellDemo/Info.plist;
				INFOPLIST_KEY_UIApplicationSupportsIndirectInputEvents = YES;
				INFOPLIST_KEY_UILaunchStoryboardName = LaunchScreen;
				INFOPLIST_KEY_UIMainStoryboardFile = Main;
				INFOPLIST_KEY_UISupportedInterfaceOrientations_iPad = "UIInterfaceOrientationPortrait UIInterfaceOrientationPortraitUpsideDown UIInterfaceOrientationLandscapeLeft UIInterfaceOrientationLandscapeRight";
				INFOPLIST_KEY_UISupportedInterfaceOrientations_iPhone = "UIInterfaceOrientationPortrait UIInterfaceOrientationLandscapeLeft UIInterfaceOrientationLandscapeRight";
				LD_RUNPATH_SEARCH_PATHS = (
					"$(inherited)",
					"@executable_path/Frameworks",
				);
				MARKETING_VERSION = 1.0;
				PRODUCT_BUNDLE_IDENTIFIER = com.fusiontechpartners.floatcare.CustomTVCellDemo;
				PRODUCT_NAME = "$(TARGET_NAME)";
				SWIFT_EMIT_LOC_STRINGS = YES;
				SWIFT_VERSION = 5.0;
				TARGETED_DEVICE_FAMILY = "1,2";
			};
			name = Debug;
		};
		8E71E4F7288B157A00029B4B /* Release */ = {
			isa = XCBuildConfiguration;
			buildSettings = {
				ASSETCATALOG_COMPILER_APPICON_NAME = AppIcon;
				ASSETCATALOG_COMPILER_GLOBAL_ACCENT_COLOR_NAME = AccentColor;
				CODE_SIGN_STYLE = Automatic;
				CURRENT_PROJECT_VERSION = 1;
				DEVELOPMENT_TEAM = FGB94R5C85;
				GENERATE_INFOPLIST_FILE = YES;
				INFOPLIST_FILE = CustomTVCellDemo/Info.plist;
				INFOPLIST_KEY_UIApplicationSupportsIndirectInputEvents = YES;
				INFOPLIST_KEY_UILaunchStoryboardName = LaunchScreen;
				INFOPLIST_KEY_UIMainStoryboardFile = Main;
				INFOPLIST_KEY_UISupportedInterfaceOrientations_iPad = "UIInterfaceOrientationPortrait UIInterfaceOrientationPortraitUpsideDown UIInterfaceOrientationLandscapeLeft UIInterfaceOrientationLandscapeRight";
				INFOPLIST_KEY_UISupportedInterfaceOrientations_iPhone = "UIInterfaceOrientationPortrait UIInterfaceOrientationLandscapeLeft UIInterfaceOrientationLandscapeRight";
				LD_RUNPATH_SEARCH_PATHS = (
					"$(inherited)",
					"@executable_path/Frameworks",
				);
				MARKETING_VERSION = 1.0;
				PRODUCT_BUNDLE_IDENTIFIER = com.fusiontechpartners.floatcare.CustomTVCellDemo;
				PRODUCT_NAME = "$(TARGET_NAME)";
				SWIFT_EMIT_LOC_STRINGS = YES;
				SWIFT_VERSION = 5.0;
				TARGETED_DEVICE_FAMILY = "1,2";
			};
			name = Release;
		};
/* End XCBuildConfiguration section */

/* Begin XCConfigurationList section */
		8E71E4D9288B157600029B4B /* Build configuration list for PBXProject "CustomTVCellDemo" */ = {
			isa = XCConfigurationList;
			buildConfigurations = (
				8E71E4F3288B157A00029B4B /* Debug */,
				8E71E4F4288B157A00029B4B /* Release */,
			);
			defaultConfigurationIsVisible = 0;
			defaultConfigurationName = Release;
		};
		8E71E4F5288B157A00029B4B /* Build configuration list for PBXNativeTarget "CustomTVCellDemo" */ = {
			isa = XCConfigurationList;
			buildConfigurations = (
				8E71E4F6288B157A00029B4B /* Debug */,
				8E71E4F7288B157A00029B4B /* Release */,
			);
			defaultConfigurationIsVisible = 0;
			defaultConfigurationName = Release;
		};
/* End XCConfigurationList section */

/* Begin XCVersionGroup section */
		8E71E4EA288B157600029B4B /* CustomTVCellDemo.xcdatamodeld */ = {
			isa = XCVersionGroup;
			children = (
				8E71E4EB288B157600029B4B /* CustomTVCellDemo.xcdatamodel */,
			);
			currentVersion = 8E71E4EB288B157600029B4B /* CustomTVCellDemo.xcdatamodel */;
			path = CustomTVCellDemo.xcdatamodeld;
			sourceTree = "<group>";
			versionGroupType = wrapper.xcdatamodel;
		};
/* End XCVersionGroup section */
	};
	rootObject = 8E71E4D6288B157600029B4B /* Project object */;
}
